
Microsoft Visual Studio Solution File, Format Version 12.00
# Visual Studio Version 17
VisualStudioVersion = 17.13.35825.156 d17.13
MinimumVisualStudioVersion = 10.0.40219.1
Project("{FAE04EC0-301F-11D3-BF4B-00C04F79EFBC}") = "EventManager", "EventManager.csproj", "{97BE74BE-54BB-4891-9476-7606406589E7}"
EndProject
Global
	GlobalSection(SolutionConfigurationPlatforms) = preSolution
		Debug|Any CPU = Debug|Any CPU
		Release|Any CPU = Release|Any CPU
	EndGlobalSection
	GlobalSection(ProjectConfigurationPlatforms) = postSolution
		{97BE74BE-54BB-4891-9476-7606406589E7}.Debug|Any CPU.ActiveCfg = Debug|Any CPU
		{97BE74BE-54BB-4891-9476-7606406589E7}.Debug|Any CPU.Build.0 = Debug|Any CPU
		{97BE74BE-54BB-4891-9476-7606406589E7}.Release|Any CPU.ActiveCfg = Release|Any CPU
		{97BE74BE-54BB-4891-9476-7606406589E7}.Release|Any CPU.Build.0 = Release|Any CPU
	EndGlobalSection
	GlobalSection(SolutionProperties) = preSolution
		HideSolutionNode = FALSE
	EndGlobalSection
	GlobalSection(ExtensibilityGlobals) = postSolution
		SolutionGuid = {6D9DEC17-B682-4736-801B-4ADEB77F8BA8}
	EndGlobalSection
EndGlobal
